
Microsoft Visual Studio Solution File, Format Version 12.00
# Visual Studio Version 16
VisualStudioVersion = 16.0.32929.386
MinimumVisualStudioVersion = 10.0.40219.1
Project("{FAE04EC0-301F-11D3-BF4B-00C04F79EFBC}") = "Factorial_lab_5", "Factorial_lab_5\Factorial_lab_5.csproj", "{28F25C33-ABA8-4568-A86F-912E0970E5F0}"
EndProject
Project("{9A19103F-16F7-4668-BE54-9A1E7A4F7556}") = "TestProject1", "TestProject1\TestProject1.csproj", "{D413CBAA-B7DB-441C-8C92-9F0756B325E6}"
EndProject
Global
	GlobalSection(SolutionConfigurationPlatforms) = preSolution
		Debug|Any CPU = Debug|Any CPU
		Release|Any CPU = Release|Any CPU
	EndGlobalSection
	GlobalSection(ProjectConfigurationPlatforms) = postSolution
		{28F25C33-ABA8-4568-A86F-912E0970E5F0}.Debug|Any CPU.ActiveCfg = Debug|Any CPU
		{28F25C33-ABA8-4568-A86F-912E0970E5F0}.Debug|Any CPU.Build.0 = Debug|Any CPU
		{28F25C33-ABA8-4568-A86F-912E0970E5F0}.Release|Any CPU.ActiveCfg = Release|Any CPU
		{28F25C33-ABA8-4568-A86F-912E0970E5F0}.Release|Any CPU.Build.0 = Release|Any CPU
		{D413CBAA-B7DB-441C-8C92-9F0756B325E6}.Debug|Any CPU.ActiveCfg = Debug|Any CPU
		{D413CBAA-B7DB-441C-8C92-9F0756B325E6}.Debug|Any CPU.Build.0 = Debug|Any CPU
		{D413CBAA-B7DB-441C-8C92-9F0756B325E6}.Release|Any CPU.ActiveCfg = Release|Any CPU
		{D413CBAA-B7DB-441C-8C92-9F0756B325E6}.Release|Any CPU.Build.0 = Release|Any CPU
	EndGlobalSection
	GlobalSection(SolutionProperties) = preSolution
		HideSolutionNode = FALSE
	EndGlobalSection
	GlobalSection(ExtensibilityGlobals) = postSolution
		SolutionGuid = {9D9F074D-64DA-41DD-AB98-962AEF33F7E2}
	EndGlobalSection
EndGlobal
